{
  "name": "AsimovWebsite",
  "lockfileVersion": 3,
  "requires": true,
  "packages": {
    "": {
      "dependencies": {
        "countup.js": "^2.6.2"
      }
    },
    "node_modules/countup.js": {
      "version": "2.6.2",
      "resolved": "https://registry.npmjs.org/countup.js/-/countup.js-2.6.2.tgz",
      "integrity": "sha512-PRvoilkebwr1MKaRAllyJl2cD7mgunGZWXLaSFL+YqHXlJpjLX7SHTWonRfIx2xg1Xf7SPbo92bOOonSIomRYQ=="
    }
  }
}
